
Microsoft Visual Studio Solution File, Format Version 12.00
# Visual Studio 15
VisualStudioVersion = 15.0.26403.7
MinimumVisualStudioVersion = 10.0.40219.1
Project("{9A19103F-16F7-4668-BE54-9A1E7A4F7556}") = "Security.Domain", "Security.Domain\Security.Domain.csproj", "{49F91826-0B5D-4544-A111-918125923D2E}"
EndProject
Project("{9A19103F-16F7-4668-BE54-9A1E7A4F7556}") = "Security.Auth", "Security.Auth\Security.Auth.csproj", "{AC47A174-42D4-4449-9381-823658095536}"
EndProject
Project("{FAE04EC0-301F-11D3-BF4B-00C04F79EFBC}") = "Security.Api", "Security.Api\Security.Api.csproj", "{54C6BF46-6678-4719-B373-4AEFF182E902}"
EndProject
Project("{FAE04EC0-301F-11D3-BF4B-00C04F79EFBC}") = "Security.Domain.Adfs", "Security.Domain.Adfs\Security.Domain.Adfs.csproj", "{BA18FB52-26D8-40D0-AC49-644036E4EDB0}"
EndProject
Global
	GlobalSection(SolutionConfigurationPlatforms) = preSolution
		Debug|Any CPU = Debug|Any CPU
		Release|Any CPU = Release|Any CPU
	EndGlobalSection
	GlobalSection(ProjectConfigurationPlatforms) = postSolution
		{49F91826-0B5D-4544-A111-918125923D2E}.Debug|Any CPU.ActiveCfg = Debug|Any CPU
		{49F91826-0B5D-4544-A111-918125923D2E}.Debug|Any CPU.Build.0 = Debug|Any CPU
		{49F91826-0B5D-4544-A111-918125923D2E}.Release|Any CPU.ActiveCfg = Release|Any CPU
		{49F91826-0B5D-4544-A111-918125923D2E}.Release|Any CPU.Build.0 = Release|Any CPU
		{AC47A174-42D4-4449-9381-823658095536}.Debug|Any CPU.ActiveCfg = Debug|Any CPU
		{AC47A174-42D4-4449-9381-823658095536}.Debug|Any CPU.Build.0 = Debug|Any CPU
		{AC47A174-42D4-4449-9381-823658095536}.Release|Any CPU.ActiveCfg = Release|Any CPU
		{AC47A174-42D4-4449-9381-823658095536}.Release|Any CPU.Build.0 = Release|Any CPU
		{54C6BF46-6678-4719-B373-4AEFF182E902}.Debug|Any CPU.ActiveCfg = Debug|Any CPU
		{54C6BF46-6678-4719-B373-4AEFF182E902}.Debug|Any CPU.Build.0 = Debug|Any CPU
		{54C6BF46-6678-4719-B373-4AEFF182E902}.Release|Any CPU.ActiveCfg = Release|Any CPU
		{54C6BF46-6678-4719-B373-4AEFF182E902}.Release|Any CPU.Build.0 = Release|Any CPU
		{BA18FB52-26D8-40D0-AC49-644036E4EDB0}.Debug|Any CPU.ActiveCfg = Debug|Any CPU
		{BA18FB52-26D8-40D0-AC49-644036E4EDB0}.Debug|Any CPU.Build.0 = Debug|Any CPU
		{BA18FB52-26D8-40D0-AC49-644036E4EDB0}.Release|Any CPU.ActiveCfg = Release|Any CPU
		{BA18FB52-26D8-40D0-AC49-644036E4EDB0}.Release|Any CPU.Build.0 = Release|Any CPU
	EndGlobalSection
	GlobalSection(SolutionProperties) = preSolution
		HideSolutionNode = FALSE
	EndGlobalSection
EndGlobal
